
Microsoft Visual Studio Solution File, Format Version 12.00
# Visual Studio Version 16
VisualStudioVersion = 16.0.30804.86
MinimumVisualStudioVersion = 10.0.40219.1
Project("{FAE04EC0-301F-11D3-BF4B-00C04F79EFBC}") = "Kanjo", "Kanjo\Kanjo.csproj", "{5459D29E-AB4E-404F-908C-0D6F51F36F44}"
EndProject
Global
	GlobalSection(SolutionConfigurationPlatforms) = preSolution
		Debug|Any CPU = Debug|Any CPU
		Release|Any CPU = Release|Any CPU
	EndGlobalSection
	GlobalSection(ProjectConfigurationPlatforms) = postSolution
		{5459D29E-AB4E-404F-908C-0D6F51F36F44}.Debug|Any CPU.ActiveCfg = Debug|Any CPU
		{5459D29E-AB4E-404F-908C-0D6F51F36F44}.Debug|Any CPU.Build.0 = Debug|Any CPU
		{5459D29E-AB4E-404F-908C-0D6F51F36F44}.Release|Any CPU.ActiveCfg = Release|Any CPU
		{5459D29E-AB4E-404F-908C-0D6F51F36F44}.Release|Any CPU.Build.0 = Release|Any CPU
	EndGlobalSection
	GlobalSection(SolutionProperties) = preSolution
		HideSolutionNode = FALSE
	EndGlobalSection
	GlobalSection(ExtensibilityGlobals) = postSolution
		SolutionGuid = {3F2D089A-2831-4135-805D-F76E6148FBCA}
	EndGlobalSection
EndGlobal
